
Microsoft Visual Studio Solution File, Format Version 12.00
# Visual Studio 15
VisualStudioVersion = 15.0.28307.1585
MinimumVisualStudioVersion = 10.0.40219.1
Project("{FAE04EC0-301F-11D3-BF4B-00C04F79EFBC}") = "TP01_200581", "TP01_200581\TP01_200581.csproj", "{068FA795-51E6-411C-AB80-CDE392E2D46D}"
EndProject
Global
	GlobalSection(SolutionConfigurationPlatforms) = preSolution
		Debug|Any CPU = Debug|Any CPU
		Release|Any CPU = Release|Any CPU
	EndGlobalSection
	GlobalSection(ProjectConfigurationPlatforms) = postSolution
		{068FA795-51E6-411C-AB80-CDE392E2D46D}.Debug|Any CPU.ActiveCfg = Debug|Any CPU
		{068FA795-51E6-411C-AB80-CDE392E2D46D}.Debug|Any CPU.Build.0 = Debug|Any CPU
		{068FA795-51E6-411C-AB80-CDE392E2D46D}.Release|Any CPU.ActiveCfg = Release|Any CPU
		{068FA795-51E6-411C-AB80-CDE392E2D46D}.Release|Any CPU.Build.0 = Release|Any CPU
	EndGlobalSection
	GlobalSection(SolutionProperties) = preSolution
		HideSolutionNode = FALSE
	EndGlobalSection
	GlobalSection(ExtensibilityGlobals) = postSolution
		SolutionGuid = {95879BD0-3505-4C5F-9422-B3E38026A78F}
	EndGlobalSection
EndGlobal
